
Microsoft Visual Studio Solution File, Format Version 12.00
Project("{FAE04EC0-301F-11D3-BF4B-00C04F79EFBC}") = "FluentMathematics", "FluentMathematics\FluentMathematics.csproj", "{9603377F-F99E-4B17-BEAB-9F16BF0C7836}"
EndProject
Project("{FAE04EC0-301F-11D3-BF4B-00C04F79EFBC}") = "FluentMathematics.Test", "FluentMathematics.Test\FluentMathematics.Test.csproj", "{502B5005-F0BA-4D9D-8985-DCE0B457833C}"
EndProject
Global
	GlobalSection(SolutionConfigurationPlatforms) = preSolution
		Debug|Any CPU = Debug|Any CPU
		Release|Any CPU = Release|Any CPU
	EndGlobalSection
	GlobalSection(ProjectConfigurationPlatforms) = postSolution
		{9603377F-F99E-4B17-BEAB-9F16BF0C7836}.Debug|Any CPU.ActiveCfg = Debug|Any CPU
		{9603377F-F99E-4B17-BEAB-9F16BF0C7836}.Debug|Any CPU.Build.0 = Debug|Any CPU
		{9603377F-F99E-4B17-BEAB-9F16BF0C7836}.Release|Any CPU.ActiveCfg = Release|Any CPU
		{9603377F-F99E-4B17-BEAB-9F16BF0C7836}.Release|Any CPU.Build.0 = Release|Any CPU
		{502B5005-F0BA-4D9D-8985-DCE0B457833C}.Debug|Any CPU.ActiveCfg = Debug|Any CPU
		{502B5005-F0BA-4D9D-8985-DCE0B457833C}.Debug|Any CPU.Build.0 = Debug|Any CPU
		{502B5005-F0BA-4D9D-8985-DCE0B457833C}.Release|Any CPU.ActiveCfg = Release|Any CPU
		{502B5005-F0BA-4D9D-8985-DCE0B457833C}.Release|Any CPU.Build.0 = Release|Any CPU
	EndGlobalSection
EndGlobal
